// !$*UTF8*$!
{
	archiveVersion = 1;
	classes = {
	};
	objectVersion = 50;
	objects = {

/* Begin PBXBuildFile section */
		CE095F922226984D00C1620A /* AppDelegate.swift in Sources */ = {isa = PBXBuildFile; fileRef = CE095F912226984D00C1620A /* AppDelegate.swift */; };
		CE095F992226984E00C1620A /* Assets.xcassets in Resources */ = {isa = PBXBuildFile; fileRef = CE095F982226984E00C1620A /* Assets.xcassets */; };
		CE095F9C2226984E00C1620A /* LaunchScreen.storyboard in Resources */ = {isa = PBXBuildFile; fileRef = CE095F9A2226984E00C1620A /* LaunchScreen.storyboard */; };
		CE095FA72226984E00C1620A /* TestAssignmentTests.swift in Sources */ = {isa = PBXBuildFile; fileRef = CE095FA62226984E00C1620A /* TestAssignmentTests.swift */; };
		CE095FB3222699DB00C1620A /* NetworkService.swift in Sources */ = {isa = PBXBuildFile; fileRef = CE095FB2222699DB00C1620A /* NetworkService.swift */; };
		CE095FB5222699E300C1620A /* NetworkingTests.swift in Sources */ = {isa = PBXBuildFile; fileRef = CE095FB4222699E300C1620A /* NetworkingTests.swift */; };
		CE095FB7222699EF00C1620A /* NetworkServiceMocks.swift in Sources */ = {isa = PBXBuildFile; fileRef = CE095FB6222699EF00C1620A /* NetworkServiceMocks.swift */; };
		CE095FB922269AB800C1620A /* URLBuilder.swift in Sources */ = {isa = PBXBuildFile; fileRef = CE095FB822269AB800C1620A /* URLBuilder.swift */; };
		CE095FBB22269ACD00C1620A /* URLBuilderTests.swift in Sources */ = {isa = PBXBuildFile; fileRef = CE095FBA22269ACD00C1620A /* URLBuilderTests.swift */; };
		CE095FC522269B6400C1620A /* ViewController.swift in Sources */ = {isa = PBXBuildFile; fileRef = CE095FBD22269B6400C1620A /* ViewController.swift */; };
		CE095FC622269B6400C1620A /* Builder.swift in Sources */ = {isa = PBXBuildFile; fileRef = CE095FBE22269B6400C1620A /* Builder.swift */; };
		CE095FC722269B6400C1620A /* Entity.swift in Sources */ = {isa = PBXBuildFile; fileRef = CE095FBF22269B6400C1620A /* Entity.swift */; };
		CE095FC822269B6400C1620A /* Interactor.swift in Sources */ = {isa = PBXBuildFile; fileRef = CE095FC022269B6400C1620A /* Interactor.swift */; };
		CE095FC922269B6400C1620A /* Protocols.swift in Sources */ = {isa = PBXBuildFile; fileRef = CE095FC122269B6400C1620A /* Protocols.swift */; };
/* End PBXBuildFile section */

/* Begin PBXContainerItemProxy section */
		CE095FA32226984E00C1620A /* PBXContainerItemProxy */ = {
			isa = PBXContainerItemProxy;
			containerPortal = CE095F862226984D00C1620A /* Project object */;
			proxyType = 1;
			remoteGlobalIDString = CE095F8D2226984D00C1620A;
			remoteInfo = TestAssignment;
		};
/* End PBXContainerItemProxy section */

/* Begin PBXFileReference section */
		CE095F8E2226984D00C1620A /* TestAssignment.app */ = {isa = PBXFileReference; explicitFileType = wrapper.application; includeInIndex = 0; path = TestAssignment.app; sourceTree = BUILT_PRODUCTS_DIR; };
		CE095F912226984D00C1620A /* AppDelegate.swift */ = {isa = PBXFileReference; lastKnownFileType = sourcecode.swift; path = AppDelegate.swift; sourceTree = "<group>"; };
		CE095F982226984E00C1620A /* Assets.xcassets */ = {isa = PBXFileReference; lastKnownFileType = folder.assetcatalog; path = Assets.xcassets; sourceTree = "<group>"; };
		CE095F9B2226984E00C1620A /* Base */ = {isa = PBXFileReference; lastKnownFileType = file.storyboard; name = Base; path = Base.lproj/LaunchScreen.storyboard; sourceTree = "<group>"; };
		CE095F9D2226984E00C1620A /* Info.plist */ = {isa = PBXFileReference; lastKnownFileType = text.plist.xml; path = Info.plist; sourceTree = "<group>"; };
		CE095FA22226984E00C1620A /* TestAssignmentTests.xctest */ = {isa = PBXFileReference; explicitFileType = wrapper.cfbundle; includeInIndex = 0; path = TestAssignmentTests.xctest; sourceTree = BUILT_PRODUCTS_DIR; };
		CE095FA62226984E00C1620A /* TestAssignmentTests.swift */ = {isa = PBXFileReference; lastKnownFileType = sourcecode.swift; path = TestAssignmentTests.swift; sourceTree = "<group>"; };
		CE095FA82226984E00C1620A /* Info.plist */ = {isa = PBXFileReference; lastKnownFileType = text.plist.xml; path = Info.plist; sourceTree = "<group>"; };
		CE095FB2222699DB00C1620A /* NetworkService.swift */ = {isa = PBXFileReference; fileEncoding = 4; lastKnownFileType = sourcecode.swift; path = NetworkService.swift; sourceTree = "<group>"; };
		CE095FB4222699E300C1620A /* NetworkingTests.swift */ = {isa = PBXFileReference; fileEncoding = 4; lastKnownFileType = sourcecode.swift; path = NetworkingTests.swift; sourceTree = "<group>"; };
		CE095FB6222699EF00C1620A /* NetworkServiceMocks.swift */ = {isa = PBXFileReference; fileEncoding = 4; lastKnownFileType = sourcecode.swift; path = NetworkServiceMocks.swift; sourceTree = "<group>"; };
		CE095FB822269AB800C1620A /* URLBuilder.swift */ = {isa = PBXFileReference; fileEncoding = 4; lastKnownFileType = sourcecode.swift; path = URLBuilder.swift; sourceTree = "<group>"; };
		CE095FBA22269ACD00C1620A /* URLBuilderTests.swift */ = {isa = PBXFileReference; fileEncoding = 4; lastKnownFileType = sourcecode.swift; path = URLBuilderTests.swift; sourceTree = "<group>"; };
		CE095FBD22269B6400C1620A /* ViewController.swift */ = {isa = PBXFileReference; fileEncoding = 4; lastKnownFileType = sourcecode.swift; path = ViewController.swift; sourceTree = "<group>"; };
		CE095FBE22269B6400C1620A /* Builder.swift */ = {isa = PBXFileReference; fileEncoding = 4; lastKnownFileType = sourcecode.swift; path = Builder.swift; sourceTree = "<group>"; };
		CE095FBF22269B6400C1620A /* Entity.swift */ = {isa = PBXFileReference; fileEncoding = 4; lastKnownFileType = sourcecode.swift; path = Entity.swift; sourceTree = "<group>"; };
		CE095FC022269B6400C1620A /* Interactor.swift */ = {isa = PBXFileReference; fileEncoding = 4; lastKnownFileType = sourcecode.swift; path = Interactor.swift; sourceTree = "<group>"; };
		CE095FC122269B6400C1620A /* Protocols.swift */ = {isa = PBXFileReference; fileEncoding = 4; lastKnownFileType = sourcecode.swift; path = Protocols.swift; sourceTree = "<group>"; };
/* End PBXFileReference section */

/* Begin PBXFrameworksBuildPhase section */
		CE095F8B2226984D00C1620A /* Frameworks */ = {
			isa = PBXFrameworksBuildPhase;
			buildActionMask = 2147483647;
			files = (
			);
			runOnlyForDeploymentPostprocessing = 0;
		};
		CE095F9F2226984E00C1620A /* Frameworks */ = {
			isa = PBXFrameworksBuildPhase;
			buildActionMask = 2147483647;
			files = (
			);
			runOnlyForDeploymentPostprocessing = 0;
		};
/* End PBXFrameworksBuildPhase section */

/* Begin PBXGroup section */
		CE095F852226984D00C1620A = {
			isa = PBXGroup;
			children = (
				CE095F902226984D00C1620A /* TestAssignment */,
				CE095FA52226984E00C1620A /* TestAssignmentTests */,
				CE095F8F2226984D00C1620A /* Products */,
			);
			sourceTree = "<group>";
		};
		CE095F8F2226984D00C1620A /* Products */ = {
			isa = PBXGroup;
			children = (
				CE095F8E2226984D00C1620A /* TestAssignment.app */,
				CE095FA22226984E00C1620A /* TestAssignmentTests.xctest */,
			);
			name = Products;
			sourceTree = "<group>";
		};
		CE095F902226984D00C1620A /* TestAssignment */ = {
			isa = PBXGroup;
			children = (
				CE095FB1222699BD00C1620A /* Services */,
				CE095FBC22269B6400C1620A /* Module */,
				CE095F912226984D00C1620A /* AppDelegate.swift */,
				CE095F982226984E00C1620A /* Assets.xcassets */,
				CE095F9A2226984E00C1620A /* LaunchScreen.storyboard */,
				CE095F9D2226984E00C1620A /* Info.plist */,
			);
			path = TestAssignment;
			sourceTree = "<group>";
		};
		CE095FA52226984E00C1620A /* TestAssignmentTests */ = {
			isa = PBXGroup;
			children = (
				CE095FBA22269ACD00C1620A /* URLBuilderTests.swift */,
				CE095FB6222699EF00C1620A /* NetworkServiceMocks.swift */,
				CE095FB4222699E300C1620A /* NetworkingTests.swift */,
				CE095FA62226984E00C1620A /* TestAssignmentTests.swift */,
				CE095FA82226984E00C1620A /* Info.plist */,
			);
			path = TestAssignmentTests;
			sourceTree = "<group>";
		};
		CE095FB1222699BD00C1620A /* Services */ = {
			isa = PBXGroup;
			children = (
				CE095FB822269AB800C1620A /* URLBuilder.swift */,
				CE095FB2222699DB00C1620A /* NetworkService.swift */,
			);
			path = Services;
			sourceTree = "<group>";
		};
		CE095FBC22269B6400C1620A /* Module */ = {
			isa = PBXGroup;
			children = (
				CE095FC122269B6400C1620A /* Protocols.swift */,
				CE095FBE22269B6400C1620A /* Builder.swift */,
				CE095FBF22269B6400C1620A /* Entity.swift */,
				CE095FC022269B6400C1620A /* Interactor.swift */,
				CE095FC222269B6400C1620A /* Views */,
			);
			path = Module;
			sourceTree = "<group>";
		};
		CE095FC222269B6400C1620A /* Views */ = {
			isa = PBXGroup;
			children = (
				CE095FBD22269B6400C1620A /* ViewController.swift */,
			);
			path = Views;
			sourceTree = "<group>";
		};
/* End PBXGroup section */

/* Begin PBXNativeTarget section */
		CE095F8D2226984D00C1620A /* TestAssignment */ = {
			isa = PBXNativeTarget;
			buildConfigurationList = CE095FAB2226984E00C1620A /* Build configuration list for PBXNativeTarget "TestAssignment" */;
			buildPhases = (
				CE095F8A2226984D00C1620A /* Sources */,
				CE095F8B2226984D00C1620A /* Frameworks */,
				CE095F8C2226984D00C1620A /* Resources */,
			);
			buildRules = (
			);
			dependencies = (
			);
			name = TestAssignment;
			productName = TestAssignment;
			productReference = CE095F8E2226984D00C1620A /* TestAssignment.app */;
			productType = "com.apple.product-type.application";
		};
		CE095FA12226984E00C1620A /* TestAssignmentTests */ = {
			isa = PBXNativeTarget;
			buildConfigurationList = CE095FAE2226984E00C1620A /* Build configuration list for PBXNativeTarget "TestAssignmentTests" */;
			buildPhases = (
				CE095F9E2226984E00C1620A /* Sources */,
				CE095F9F2226984E00C1620A /* Frameworks */,
				CE095FA02226984E00C1620A /* Resources */,
			);
			buildRules = (
			);
			dependencies = (
				CE095FA42226984E00C1620A /* PBXTargetDependency */,
			);
			name = TestAssignmentTests;
			productName = TestAssignmentTests;
			productReference = CE095FA22226984E00C1620A /* TestAssignmentTests.xctest */;
			productType = "com.apple.product-type.bundle.unit-test";
		};
/* End PBXNativeTarget section */

/* Begin PBXProject section */
		CE095F862226984D00C1620A /* Project object */ = {
			isa = PBXProject;
			attributes = {
				LastSwiftUpdateCheck = 1010;
				LastUpgradeCheck = 1010;
				ORGANIZATIONNAME = blob8129;
				TargetAttributes = {
					CE095F8D2226984D00C1620A = {
						CreatedOnToolsVersion = 10.1;
					};
					CE095FA12226984E00C1620A = {
						CreatedOnToolsVersion = 10.1;
						TestTargetID = CE095F8D2226984D00C1620A;
					};
				};
			};
			buildConfigurationList = CE095F892226984D00C1620A /* Build configuration list for PBXProject "TestAssignment" */;
			compatibilityVersion = "Xcode 9.3";
			developmentRegion = en;
			hasScannedForEncodings = 0;
			knownRegions = (
				en,
				Base,
			);
			mainGroup = CE095F852226984D00C1620A;
			productRefGroup = CE095F8F2226984D00C1620A /* Products */;
			projectDirPath = "";
			projectRoot = "";
			targets = (
				CE095F8D2226984D00C1620A /* TestAssignment */,
				CE095FA12226984E00C1620A /* TestAssignmentTests */,
			);
		};
/* End PBXProject section */

/* Begin PBXResourcesBuildPhase section */
		CE095F8C2226984D00C1620A /* Resources */ = {
			isa = PBXResourcesBuildPhase;
			buildActionMask = 2147483647;
			files = (
				CE095F9C2226984E00C1620A /* LaunchScreen.storyboard in Resources */,
				CE095F992226984E00C1620A /* Assets.xcassets in Resources */,
			);
			runOnlyForDeploymentPostprocessing = 0;
		};
		CE095FA02226984E00C1620A /* Resources */ = {
			isa = PBXResourcesBuildPhase;
			buildActionMask = 2147483647;
			files = (
			);
			runOnlyForDeploymentPostprocessing = 0;
		};
/* End PBXResourcesBuildPhase section */

/* Begin PBXSourcesBuildPhase section */
		CE095F8A2226984D00C1620A /* Sources */ = {
			isa = PBXSourcesBuildPhase;
			buildActionMask = 2147483647;
			files = (
				CE095FC722269B6400C1620A /* Entity.swift in Sources */,
				CE095FB922269AB800C1620A /* URLBuilder.swift in Sources */,
				CE095FC922269B6400C1620A /* Protocols.swift in Sources */,
				CE095FB3222699DB00C1620A /* NetworkService.swift in Sources */,
				CE095F922226984D00C1620A /* AppDelegate.swift in Sources */,
				CE095FC522269B6400C1620A /* ViewController.swift in Sources */,
				CE095FC822269B6400C1620A /* Interactor.swift in Sources */,
				CE095FC622269B6400C1620A /* Builder.swift in Sources */,
			);
			runOnlyForDeploymentPostprocessing = 0;
		};
		CE095F9E2226984E00C1620A /* Sources */ = {
			isa = PBXSourcesBuildPhase;
			buildActionMask = 2147483647;
			files = (
				CE095FA72226984E00C1620A /* TestAssignmentTests.swift in Sources */,
				CE095FBB22269ACD00C1620A /* URLBuilderTests.swift in Sources */,
				CE095FB5222699E300C1620A /* NetworkingTests.swift in Sources */,
				CE095FB7222699EF00C1620A /* NetworkServiceMocks.swift in Sources */,
			);
			runOnlyForDeploymentPostprocessing = 0;
		};
/* End PBXSourcesBuildPhase section */

/* Begin PBXTargetDependency section */
		CE095FA42226984E00C1620A /* PBXTargetDependency */ = {
			isa = PBXTargetDependency;
			target = CE095F8D2226984D00C1620A /* TestAssignment */;
			targetProxy = CE095FA32226984E00C1620A /* PBXContainerItemProxy */;
		};
/* End PBXTargetDependency section */

/* Begin PBXVariantGroup section */
		CE095F9A2226984E00C1620A /* LaunchScreen.storyboard */ = {
			isa = PBXVariantGroup;
			children = (
				CE095F9B2226984E00C1620A /* Base */,
			);
			name = LaunchScreen.storyboard;
			sourceTree = "<group>";
		};
/* End PBXVariantGroup section */

/* Begin XCBuildConfiguration section */
		CE095FA92226984E00C1620A /* Debug */ = {
			isa = XCBuildConfiguration;
			buildSettings = {
				ALWAYS_SEARCH_USER_PATHS = NO;
				CLANG_ANALYZER_NONNULL = YES;
				CLANG_ANALYZER_NUMBER_OBJECT_CONVERSION = YES_AGGRESSIVE;
				CLANG_CXX_LANGUAGE_STANDARD = "gnu++14";
				CLANG_CXX_LIBRARY = "libc++";
				CLANG_ENABLE_MODULES = YES;
				CLANG_ENABLE_OBJC_ARC = YES;
				CLANG_ENABLE_OBJC_WEAK = YES;
				CLANG_WARN_BLOCK_CAPTURE_AUTORELEASING = YES;
				CLANG_WARN_BOOL_CONVERSION = YES;
				CLANG_WARN_COMMA = YES;
				CLANG_WARN_CONSTANT_CONVERSION = YES;
				CLANG_WARN_DEPRECATED_OBJC_IMPLEMENTATIONS = YES;
				CLANG_WARN_DIRECT_OBJC_ISA_USAGE = YES_ERROR;
				CLANG_WARN_DOCUMENTATION_COMMENTS = YES;
				CLANG_WARN_EMPTY_BODY = YES;
				CLANG_WARN_ENUM_CONVERSION = YES;
				CLANG_WARN_INFINITE_RECURSION = YES;
				CLANG_WARN_INT_CONVERSION = YES;
				CLANG_WARN_NON_LITERAL_NULL_CONVERSION = YES;
				CLANG_WARN_OBJC_IMPLICIT_RETAIN_SELF = YES;
				CLANG_WARN_OBJC_LITERAL_CONVERSION = YES;
				CLANG_WARN_OBJC_ROOT_CLASS = YES_ERROR;
				CLANG_WARN_RANGE_LOOP_ANALYSIS = YES;
				CLANG_WARN_STRICT_PROTOTYPES = YES;
				CLANG_WARN_SUSPICIOUS_MOVE = YES;
				CLANG_WARN_UNGUARDED_AVAILABILITY = YES_AGGRESSIVE;
				CLANG_WARN_UNREACHABLE_CODE = YES;
				CLANG_WARN__DUPLICATE_METHOD_MATCH = YES;
				CODE_SIGN_IDENTITY = "iPhone Developer";
				COPY_PHASE_STRIP = NO;
				DEBUG_INFORMATION_FORMAT = dwarf;
				ENABLE_STRICT_OBJC_MSGSEND = YES;
				ENABLE_TESTABILITY = YES;
				GCC_C_LANGUAGE_STANDARD = gnu11;
				GCC_DYNAMIC_NO_PIC = NO;
				GCC_NO_COMMON_BLOCKS = YES;
				GCC_OPTIMIZATION_LEVEL = 0;
				GCC_PREPROCESSOR_DEFINITIONS = (
					"DEBUG=1",
					"$(inherited)",
				);
				GCC_WARN_64_TO_32_BIT_CONVERSION = YES;
				GCC_WARN_ABOUT_RETURN_TYPE = YES_ERROR;
				GCC_WARN_UNDECLARED_SELECTOR = YES;
				GCC_WARN_UNINITIALIZED_AUTOS = YES_AGGRESSIVE;
				GCC_WARN_UNUSED_FUNCTION = YES;
				GCC_WARN_UNUSED_VARIABLE = YES;
				IPHONEOS_DEPLOYMENT_TARGET = 12.1;
				MTL_ENABLE_DEBUG_INFO = INCLUDE_SOURCE;
				MTL_FAST_MATH = YES;
				ONLY_ACTIVE_ARCH = YES;
				SDKROOT = iphoneos;
				SWIFT_ACTIVE_COMPILATION_CONDITIONS = DEBUG;
				SWIFT_OPTIMIZATION_LEVEL = "-Onone";
			};
			name = Debug;
		};
		CE095FAA2226984E00C1620A /* Release */ = {
			isa = XCBuildConfiguration;
			buildSettings = {
				ALWAYS_SEARCH_USER_PATHS = NO;
				CLANG_ANALYZER_NONNULL = YES;
				CLANG_ANALYZER_NUMBER_OBJECT_CONVERSION = YES_AGGRESSIVE;
				CLANG_CXX_LANGUAGE_STANDARD = "gnu++14";
				CLANG_CXX_LIBRARY = "libc++";
				CLANG_ENABLE_MODULES = YES;
				CLANG_ENABLE_OBJC_ARC = YES;
				CLANG_ENABLE_OBJC_WEAK = YES;
				CLANG_WARN_BLOCK_CAPTURE_AUTORELEASING = YES;
				CLANG_WARN_BOOL_CONVERSION = YES;
				CLANG_WARN_COMMA = YES;
				CLANG_WARN_CONSTANT_CONVERSION = YES;
				CLANG_WARN_DEPRECATED_OBJC_IMPLEMENTATIONS = YES;
				CLANG_WARN_DIRECT_OBJC_ISA_USAGE = YES_ERROR;
				CLANG_WARN_DOCUMENTATION_COMMENTS = YES;
				CLANG_WARN_EMPTY_BODY = YES;
				CLANG_WARN_ENUM_CONVERSION = YES;
				CLANG_WARN_INFINITE_RECURSION = YES;
				CLANG_WARN_INT_CONVERSION = YES;
				CLANG_WARN_NON_LITERAL_NULL_CONVERSION = YES;
				CLANG_WARN_OBJC_IMPLICIT_RETAIN_SELF = YES;
				CLANG_WARN_OBJC_LITERAL_CONVERSION = YES;
				CLANG_WARN_OBJC_ROOT_CLASS = YES_ERROR;
				CLANG_WARN_RANGE_LOOP_ANALYSIS = YES;
				CLANG_WARN_STRICT_PROTOTYPES = YES;
				CLANG_WARN_SUSPICIOUS_MOVE = YES;
				CLANG_WARN_UNGUARDED_AVAILABILITY = YES_AGGRESSIVE;
				CLANG_WARN_UNREACHABLE_CODE = YES;
				CLANG_WARN__DUPLICATE_METHOD_MATCH = YES;
				CODE_SIGN_IDENTITY = "iPhone Developer";
				COPY_PHASE_STRIP = NO;
				DEBUG_INFORMATION_FORMAT = "dwarf-with-dsym";
				ENABLE_NS_ASSERTIONS = NO;
				ENABLE_STRICT_OBJC_MSGSEND = YES;
				GCC_C_LANGUAGE_STANDARD = gnu11;
				GCC_NO_COMMON_BLOCKS = YES;
				GCC_WARN_64_TO_32_BIT_CONVERSION = YES;
				GCC_WARN_ABOUT_RETURN_TYPE = YES_ERROR;
				GCC_WARN_UNDECLARED_SELECTOR = YES;
				GCC_WARN_UNINITIALIZED_AUTOS = YES_AGGRESSIVE;
				GCC_WARN_UNUSED_FUNCTION = YES;
				GCC_WARN_UNUSED_VARIABLE = YES;
				IPHONEOS_DEPLOYMENT_TARGET = 12.1;
				MTL_ENABLE_DEBUG_INFO = NO;
				MTL_FAST_MATH = YES;
				SDKROOT = iphoneos;
				SWIFT_COMPILATION_MODE = wholemodule;
				SWIFT_OPTIMIZATION_LEVEL = "-O";
				VALIDATE_PRODUCT = YES;
			};
			name = Release;
		};
		CE095FAC2226984E00C1620A /* Debug */ = {
			isa = XCBuildConfiguration;
			buildSettings = {
				ASSETCATALOG_COMPILER_APPICON_NAME = AppIcon;
				CODE_SIGN_STYLE = Automatic;
				INFOPLIST_FILE = TestAssignment/Info.plist;
				LD_RUNPATH_SEARCH_PATHS = (
					"$(inherited)",
					"@executable_path/Frameworks",
				);
				PRODUCT_BUNDLE_IDENTIFIER = com.blo8129.TestAssignment;
				PRODUCT_NAME = "$(TARGET_NAME)";
				SWIFT_VERSION = 4.2;
				TARGETED_DEVICE_FAMILY = "1,2";
			};
			name = Debug;
		};
		CE095FAD2226984E00C1620A /* Release */ = {
			isa = XCBuildConfiguration;
			buildSettings = {
				ASSETCATALOG_COMPILER_APPICON_NAME = AppIcon;
				CODE_SIGN_STYLE = Automatic;
				INFOPLIST_FILE = TestAssignment/Info.plist;
				LD_RUNPATH_SEARCH_PATHS = (
					"$(inherited)",
					"@executable_path/Frameworks",
				);
				PRODUCT_BUNDLE_IDENTIFIER = com.blo8129.TestAssignment;
				PRODUCT_NAME = "$(TARGET_NAME)";
				SWIFT_VERSION = 4.2;
				TARGETED_DEVICE_FAMILY = "1,2";
			};
			name = Release;
		};
		CE095FAF2226984E00C1620A /* Debug */ = {
			isa = XCBuildConfiguration;
			buildSettings = {
				ALWAYS_EMBED_SWIFT_STANDARD_LIBRARIES = YES;
				BUNDLE_LOADER = "$(TEST_HOST)";
				CODE_SIGN_STYLE = Automatic;
				INFOPLIST_FILE = TestAssignmentTests/Info.plist;
				LD_RUNPATH_SEARCH_PATHS = (
					"$(inherited)",
					"@executable_path/Frameworks",
					"@loader_path/Frameworks",
				);
				PRODUCT_BUNDLE_IDENTIFIER = com.blo8129.TestAssignmentTests;
				PRODUCT_NAME = "$(TARGET_NAME)";
				SWIFT_VERSION = 4.2;
				TARGETED_DEVICE_FAMILY = "1,2";
				TEST_HOST = "$(BUILT_PRODUCTS_DIR)/TestAssignment.app/TestAssignment";
			};
			name = Debug;
		};
		CE095FB02226984E00C1620A /* Release */ = {
			isa = XCBuildConfiguration;
			buildSettings = {
				ALWAYS_EMBED_SWIFT_STANDARD_LIBRARIES = YES;
				BUNDLE_LOADER = "$(TEST_HOST)";
				CODE_SIGN_STYLE = Automatic;
				INFOPLIST_FILE = TestAssignmentTests/Info.plist;
				LD_RUNPATH_SEARCH_PATHS = (
					"$(inherited)",
					"@executable_path/Frameworks",
					"@loader_path/Frameworks",
				);
				PRODUCT_BUNDLE_IDENTIFIER = com.blo8129.TestAssignmentTests;
				PRODUCT_NAME = "$(TARGET_NAME)";
				SWIFT_VERSION = 4.2;
				TARGETED_DEVICE_FAMILY = "1,2";
				TEST_HOST = "$(BUILT_PRODUCTS_DIR)/TestAssignment.app/TestAssignment";
			};
			name = Release;
		};
/* End XCBuildConfiguration section */

/* Begin XCConfigurationList section */
		CE095F892226984D00C1620A /* Build configuration list for PBXProject "TestAssignment" */ = {
			isa = XCConfigurationList;
			buildConfigurations = (
				CE095FA92226984E00C1620A /* Debug */,
				CE095FAA2226984E00C1620A /* Release */,
			);
			defaultConfigurationIsVisible = 0;
			defaultConfigurationName = Release;
		};
		CE095FAB2226984E00C1620A /* Build configuration list for PBXNativeTarget "TestAssignment" */ = {
			isa = XCConfigurationList;
			buildConfigurations = (
				CE095FAC2226984E00C1620A /* Debug */,
				CE095FAD2226984E00C1620A /* Release */,
			);
			defaultConfigurationIsVisible = 0;
			defaultConfigurationName = Release;
		};
		CE095FAE2226984E00C1620A /* Build configuration list for PBXNativeTarget "TestAssignmentTests" */ = {
			isa = XCConfigurationList;
			buildConfigurations = (
				CE095FAF2226984E00C1620A /* Debug */,
				CE095FB02226984E00C1620A /* Release */,
			);
			defaultConfigurationIsVisible = 0;
			defaultConfigurationName = Release;
		};
/* End XCConfigurationList section */
	};
	rootObject = CE095F862226984D00C1620A /* Project object */;
}
